// !$*UTF8*$!
{
	archiveVersion = 1;
	classes = {
	};
	objectVersion = 46;
	objects = {

/* Begin PBXBuildFile section */
		7DE499131B86C85500BFAB24 /* main.m in Sources */ = {isa = PBXBuildFile; fileRef = 7DE499121B86C85500BFAB24 /* main.m */; };
		7DE4991C1B86C85500BFAB24 /* Main.storyboard in Resources */ = {isa = PBXBuildFile; fileRef = 7DE4991A1B86C85500BFAB24 /* Main.storyboard */; };
		7DE4991E1B86C85500BFAB24 /* Images.xcassets in Resources */ = {isa = PBXBuildFile; fileRef = 7DE4991D1B86C85500BFAB24 /* Images.xcassets */; };
		7DE499211B86C85500BFAB24 /* LaunchScreen.xib in Resources */ = {isa = PBXBuildFile; fileRef = 7DE4991F1B86C85500BFAB24 /* LaunchScreen.xib */; };
		7DE4992D1B86C85500BFAB24 /* SildeLikeQQTests.m in Sources */ = {isa = PBXBuildFile; fileRef = 7DE4992C1B86C85500BFAB24 /* SildeLikeQQTests.m */; };
		7DE4993B1B86C92800BFAB24 /* AppDelegate.m in Sources */ = {isa = PBXBuildFile; fileRef = 7DE4993A1B86C92800BFAB24 /* AppDelegate.m */; };
		7DE499411B86CACF00BFAB24 /* UIView+Extension.m in Sources */ = {isa = PBXBuildFile; fileRef = 7DE499401B86CACF00BFAB24 /* UIView+Extension.m */; };
		7DE499581B86E18F00BFAB24 /* AppMacro.m in Sources */ = {isa = PBXBuildFile; fileRef = 7DE499571B86E18F00BFAB24 /* AppMacro.m */; };
		7DE4995B1B86E1CF00BFAB24 /* NSString+Extension.m in Sources */ = {isa = PBXBuildFile; fileRef = 7DE4995A1B86E1CF00BFAB24 /* NSString+Extension.m */; };
		7DE499671B86E3EE00BFAB24 /* JHBaseViewController.m in Sources */ = {isa = PBXBuildFile; fileRef = 7DE4995E1B86E3EE00BFAB24 /* JHBaseViewController.m */; };
		7DE499681B86E3EE00BFAB24 /* JHLeftViewController.m in Sources */ = {isa = PBXBuildFile; fileRef = 7DE499601B86E3EE00BFAB24 /* JHLeftViewController.m */; };
		7DE499691B86E3EE00BFAB24 /* JHNavigationController.m in Sources */ = {isa = PBXBuildFile; fileRef = 7DE499621B86E3EE00BFAB24 /* JHNavigationController.m */; };
		7DE4996A1B86E3EE00BFAB24 /* JHRightViewController.m in Sources */ = {isa = PBXBuildFile; fileRef = 7DE499641B86E3EE00BFAB24 /* JHRightViewController.m */; };
		7DE4996B1B86E3EE00BFAB24 /* JHSideViewController.m in Sources */ = {isa = PBXBuildFile; fileRef = 7DE499661B86E3EE00BFAB24 /* JHSideViewController.m */; };
		7DE4996E1B86E50B00BFAB24 /* LeftVcItems.plist in Resources */ = {isa = PBXBuildFile; fileRef = 7DE4996D1B86E50B00BFAB24 /* LeftVcItems.plist */; };
		7DE499721B87024800BFAB24 /* UIBarButtonItem+Extension.m in Sources */ = {isa = PBXBuildFile; fileRef = 7DE499711B87024800BFAB24 /* UIBarButtonItem+Extension.m */; };
		955796BB351C6ECED5ADF524 /* libPods.a in Frameworks */ = {isa = PBXBuildFile; fileRef = 994F8E47B48AFED205B09F67 /* libPods.a */; };
/* End PBXBuildFile section */

/* Begin PBXContainerItemProxy section */
		7DE499271B86C85500BFAB24 /* PBXContainerItemProxy */ = {
			isa = PBXContainerItemProxy;
			containerPortal = 7DE499051B86C85500BFAB24 /* Project object */;
			proxyType = 1;
			remoteGlobalIDString = 7DE4990C1B86C85500BFAB24;
			remoteInfo = SildeLikeQQ;
		};
/* End PBXContainerItemProxy section */

/* Begin PBXFileReference section */
		7DE4990D1B86C85500BFAB24 /* SildeLikeQQ.app */ = {isa = PBXFileReference; explicitFileType = wrapper.application; includeInIndex = 0; path = SildeLikeQQ.app; sourceTree = BUILT_PRODUCTS_DIR; };
		7DE499111B86C85500BFAB24 /* Info.plist */ = {isa = PBXFileReference; lastKnownFileType = text.plist.xml; path = Info.plist; sourceTree = "<group>"; };
		7DE499121B86C85500BFAB24 /* main.m */ = {isa = PBXFileReference; lastKnownFileType = sourcecode.c.objc; path = main.m; sourceTree = "<group>"; };
		7DE4991B1B86C85500BFAB24 /* Base */ = {isa = PBXFileReference; lastKnownFileType = file.storyboard; name = Base; path = Base.lproj/Main.storyboard; sourceTree = "<group>"; };
		7DE4991D1B86C85500BFAB24 /* Images.xcassets */ = {isa = PBXFileReference; lastKnownFileType = folder.assetcatalog; path = Images.xcassets; sourceTree = "<group>"; };
		7DE499201B86C85500BFAB24 /* Base */ = {isa = PBXFileReference; lastKnownFileType = file.xib; name = Base; path = Base.lproj/LaunchScreen.xib; sourceTree = "<group>"; };
		7DE499261B86C85500BFAB24 /* SildeLikeQQTests.xctest */ = {isa = PBXFileReference; explicitFileType = wrapper.cfbundle; includeInIndex = 0; path = SildeLikeQQTests.xctest; sourceTree = BUILT_PRODUCTS_DIR; };
		7DE4992B1B86C85500BFAB24 /* Info.plist */ = {isa = PBXFileReference; lastKnownFileType = text.plist.xml; path = Info.plist; sourceTree = "<group>"; };
		7DE4992C1B86C85500BFAB24 /* SildeLikeQQTests.m */ = {isa = PBXFileReference; lastKnownFileType = sourcecode.c.objc; path = SildeLikeQQTests.m; sourceTree = "<group>"; };
		7DE499391B86C92800BFAB24 /* AppDelegate.h */ = {isa = PBXFileReference; fileEncoding = 4; lastKnownFileType = sourcecode.c.h; path = AppDelegate.h; sourceTree = "<group>"; };
		7DE4993A1B86C92800BFAB24 /* AppDelegate.m */ = {isa = PBXFileReference; fileEncoding = 4; lastKnownFileType = sourcecode.c.objc; path = AppDelegate.m; sourceTree = "<group>"; };
		7DE4993D1B86CA0700BFAB24 /* JHPrefixHeader.pch */ = {isa = PBXFileReference; lastKnownFileType = sourcecode.c.h; path = JHPrefixHeader.pch; sourceTree = "<group>"; };
		7DE4993F1B86CACF00BFAB24 /* UIView+Extension.h */ = {isa = PBXFileReference; fileEncoding = 4; lastKnownFileType = sourcecode.c.h; path = "UIView+Extension.h"; sourceTree = "<group>"; };
		7DE499401B86CACF00BFAB24 /* UIView+Extension.m */ = {isa = PBXFileReference; fileEncoding = 4; lastKnownFileType = sourcecode.c.objc; path = "UIView+Extension.m"; sourceTree = "<group>"; };
		7DE499561B86E18F00BFAB24 /* AppMacro.h */ = {isa = PBXFileReference; fileEncoding = 4; lastKnownFileType = sourcecode.c.h; path = AppMacro.h; sourceTree = "<group>"; };
		7DE499571B86E18F00BFAB24 /* AppMacro.m */ = {isa = PBXFileReference; fileEncoding = 4; lastKnownFileType = sourcecode.c.objc; path = AppMacro.m; sourceTree = "<group>"; };
		7DE499591B86E1CF00BFAB24 /* NSString+Extension.h */ = {isa = PBXFileReference; fileEncoding = 4; lastKnownFileType = sourcecode.c.h; path = "NSString+Extension.h"; sourceTree = "<group>"; };
		7DE4995A1B86E1CF00BFAB24 /* NSString+Extension.m */ = {isa = PBXFileReference; fileEncoding = 4; lastKnownFileType = sourcecode.c.objc; path = "NSString+Extension.m"; sourceTree = "<group>"; };
		7DE4995D1B86E3EE00BFAB24 /* JHBaseViewController.h */ = {isa = PBXFileReference; fileEncoding = 4; lastKnownFileType = sourcecode.c.h; path = JHBaseViewController.h; sourceTree = "<group>"; };
		7DE4995E1B86E3EE00BFAB24 /* JHBaseViewController.m */ = {isa = PBXFileReference; fileEncoding = 4; lastKnownFileType = sourcecode.c.objc; path = JHBaseViewController.m; sourceTree = "<group>"; };
		7DE4995F1B86E3EE00BFAB24 /* JHLeftViewController.h */ = {isa = PBXFileReference; fileEncoding = 4; lastKnownFileType = sourcecode.c.h; path = JHLeftViewController.h; sourceTree = "<group>"; };
		7DE499601B86E3EE00BFAB24 /* JHLeftViewController.m */ = {isa = PBXFileReference; fileEncoding = 4; lastKnownFileType = sourcecode.c.objc; path = JHLeftViewController.m; sourceTree = "<group>"; };
		7DE499611B86E3EE00BFAB24 /* JHNavigationController.h */ = {isa = PBXFileReference; fileEncoding = 4; lastKnownFileType = sourcecode.c.h; path = JHNavigationController.h; sourceTree = "<group>"; };
		7DE499621B86E3EE00BFAB24 /* JHNavigationController.m */ = {isa = PBXFileReference; fileEncoding = 4; lastKnownFileType = sourcecode.c.objc; path = JHNavigationController.m; sourceTree = "<group>"; };
		7DE499631B86E3EE00BFAB24 /* JHRightViewController.h */ = {isa = PBXFileReference; fileEncoding = 4; lastKnownFileType = sourcecode.c.h; path = JHRightViewController.h; sourceTree = "<group>"; };
		7DE499641B86E3EE00BFAB24 /* JHRightViewController.m */ = {isa = PBXFileReference; fileEncoding = 4; lastKnownFileType = sourcecode.c.objc; path = JHRightViewController.m; sourceTree = "<group>"; };
		7DE499651B86E3EE00BFAB24 /* JHSideViewController.h */ = {isa = PBXFileReference; fileEncoding = 4; lastKnownFileType = sourcecode.c.h; path = JHSideViewController.h; sourceTree = "<group>"; };
		7DE499661B86E3EE00BFAB24 /* JHSideViewController.m */ = {isa = PBXFileReference; fileEncoding = 4; lastKnownFileType = sourcecode.c.objc; path = JHSideViewController.m; sourceTree = "<group>"; };
		7DE4996D1B86E50B00BFAB24 /* LeftVcItems.plist */ = {isa = PBXFileReference; fileEncoding = 4; lastKnownFileType = text.plist.xml; path = LeftVcItems.plist; sourceTree = "<group>"; };
		7DE499701B87024800BFAB24 /* UIBarButtonItem+Extension.h */ = {isa = PBXFileReference; fileEncoding = 4; lastKnownFileType = sourcecode.c.h; path = "UIBarButtonItem+Extension.h"; sourceTree = "<group>"; };
		7DE499711B87024800BFAB24 /* UIBarButtonItem+Extension.m */ = {isa = PBXFileReference; fileEncoding = 4; lastKnownFileType = sourcecode.c.objc; path = "UIBarButtonItem+Extension.m"; sourceTree = "<group>"; };
		994F8E47B48AFED205B09F67 /* libPods.a */ = {isa = PBXFileReference; explicitFileType = archive.ar; includeInIndex = 0; path = libPods.a; sourceTree = BUILT_PRODUCTS_DIR; };
		ACB33054FBF77C5D247F4C58 /* Pods.debug.xcconfig */ = {isa = PBXFileReference; includeInIndex = 1; lastKnownFileType = text.xcconfig; name = Pods.debug.xcconfig; path = "Pods/Target Support Files/Pods/Pods.debug.xcconfig"; sourceTree = "<group>"; };
		FE4FCCD539DCD03D9B43D9CF /* Pods.release.xcconfig */ = {isa = PBXFileReference; includeInIndex = 1; lastKnownFileType = text.xcconfig; name = Pods.release.xcconfig; path = "Pods/Target Support Files/Pods/Pods.release.xcconfig"; sourceTree = "<group>"; };
/* End PBXFileReference section */

/* Begin PBXFrameworksBuildPhase section */
		7DE4990A1B86C85500BFAB24 /* Frameworks */ = {
			isa = PBXFrameworksBuildPhase;
			buildActionMask = 2147483647;
			files = (
				955796BB351C6ECED5ADF524 /* libPods.a in Frameworks */,
			);
			runOnlyForDeploymentPostprocessing = 0;
		};
		7DE499231B86C85500BFAB24 /* Frameworks */ = {
			isa = PBXFrameworksBuildPhase;
			buildActionMask = 2147483647;
			files = (
			);
			runOnlyForDeploymentPostprocessing = 0;
		};
/* End PBXFrameworksBuildPhase section */

/* Begin PBXGroup section */
		51E027208DA5F7DB6D9E68EC /* Frameworks */ = {
			isa = PBXGroup;
			children = (
				994F8E47B48AFED205B09F67 /* libPods.a */,
			);
			name = Frameworks;
			sourceTree = "<group>";
		};
		7DE499041B86C85500BFAB24 = {
			isa = PBXGroup;
			children = (
				7DE4990F1B86C85500BFAB24 /* SildeLikeQQ */,
				7DE499291B86C85500BFAB24 /* SildeLikeQQTests */,
				7DE4990E1B86C85500BFAB24 /* Products */,
				AC1F13FB36301BD98E3D95F6 /* Pods */,
				51E027208DA5F7DB6D9E68EC /* Frameworks */,
			);
			sourceTree = "<group>";
		};
		7DE4990E1B86C85500BFAB24 /* Products */ = {
			isa = PBXGroup;
			children = (
				7DE4990D1B86C85500BFAB24 /* SildeLikeQQ.app */,
				7DE499261B86C85500BFAB24 /* SildeLikeQQTests.xctest */,
			);
			name = Products;
			sourceTree = "<group>";
		};
		7DE4990F1B86C85500BFAB24 /* SildeLikeQQ */ = {
			isa = PBXGroup;
			children = (
				7DE499371B86C8ED00BFAB24 /* Classes */,
				7DE4991A1B86C85500BFAB24 /* Main.storyboard */,
				7DE4991D1B86C85500BFAB24 /* Images.xcassets */,
				7DE4991F1B86C85500BFAB24 /* LaunchScreen.xib */,
				7DE499101B86C85500BFAB24 /* Supporting Files */,
			);
			path = SildeLikeQQ;
			sourceTree = "<group>";
		};
		7DE499101B86C85500BFAB24 /* Supporting Files */ = {
			isa = PBXGroup;
			children = (
				7DE4996C1B86E4BE00BFAB24 /* Plist */,
				7DE499111B86C85500BFAB24 /* Info.plist */,
				7DE499121B86C85500BFAB24 /* main.m */,
				7DE4993D1B86CA0700BFAB24 /* JHPrefixHeader.pch */,
			);
			name = "Supporting Files";
			sourceTree = "<group>";
		};
		7DE499291B86C85500BFAB24 /* SildeLikeQQTests */ = {
			isa = PBXGroup;
			children = (
				7DE4992C1B86C85500BFAB24 /* SildeLikeQQTests.m */,
				7DE4992A1B86C85500BFAB24 /* Supporting Files */,
			);
			path = SildeLikeQQTests;
			sourceTree = "<group>";
		};
		7DE4992A1B86C85500BFAB24 /* Supporting Files */ = {
			isa = PBXGroup;
			children = (
				7DE4992B1B86C85500BFAB24 /* Info.plist */,
			);
			name = "Supporting Files";
			sourceTree = "<group>";
		};
		7DE499371B86C8ED00BFAB24 /* Classes */ = {
			isa = PBXGroup;
			children = (
				7DE499521B86E05F00BFAB24 /* Macro */,
				7DE4993C1B86C93300BFAB24 /* Main */,
				7DE499381B86C92800BFAB24 /* AppDelegate */,
			);
			path = Classes;
			sourceTree = "<group>";
		};
		7DE499381B86C92800BFAB24 /* AppDelegate */ = {
			isa = PBXGroup;
			children = (
				7DE499391B86C92800BFAB24 /* AppDelegate.h */,
				7DE4993A1B86C92800BFAB24 /* AppDelegate.m */,
			);
			path = AppDelegate;
			sourceTree = "<group>";
		};
		7DE4993C1B86C93300BFAB24 /* Main */ = {
			isa = PBXGroup;
			children = (
				7DE499421B86CAD400BFAB24 /* Controllers */,
				7DE4993E1B86CABB00BFAB24 /* Category */,
			);
			path = Main;
			sourceTree = "<group>";
		};
		7DE4993E1B86CABB00BFAB24 /* Category */ = {
			isa = PBXGroup;
			children = (
				7DE499701B87024800BFAB24 /* UIBarButtonItem+Extension.h */,
				7DE499711B87024800BFAB24 /* UIBarButtonItem+Extension.m */,
				7DE4993F1B86CACF00BFAB24 /* UIView+Extension.h */,
				7DE499401B86CACF00BFAB24 /* UIView+Extension.m */,
				7DE499591B86E1CF00BFAB24 /* NSString+Extension.h */,
				7DE4995A1B86E1CF00BFAB24 /* NSString+Extension.m */,
			);
			path = Category;
			sourceTree = "<group>";
		};
		7DE499421B86CAD400BFAB24 /* Controllers */ = {
			isa = PBXGroup;
			children = (
				7DE4996F1B86E52F00BFAB24 /* LeftVc */,
				7DE4995C1B86E3CA00BFAB24 /* Base */,
			);
			path = Controllers;
			sourceTree = "<group>";
		};
		7DE499521B86E05F00BFAB24 /* Macro */ = {
			isa = PBXGroup;
			children = (
				7DE499561B86E18F00BFAB24 /* AppMacro.h */,
				7DE499571B86E18F00BFAB24 /* AppMacro.m */,
			);
			path = Macro;
			sourceTree = "<group>";
		};
		7DE4995C1B86E3CA00BFAB24 /* Base */ = {
			isa = PBXGroup;
			children = (
				7DE499611B86E3EE00BFAB24 /* JHNavigationController.h */,
				7DE499621B86E3EE00BFAB24 /* JHNavigationController.m */,
				7DE4995D1B86E3EE00BFAB24 /* JHBaseViewController.h */,
				7DE4995E1B86E3EE00BFAB24 /* JHBaseViewController.m */,
				7DE4995F1B86E3EE00BFAB24 /* JHLeftViewController.h */,
				7DE499601B86E3EE00BFAB24 /* JHLeftViewController.m */,
				7DE499631B86E3EE00BFAB24 /* JHRightViewController.h */,
				7DE499641B86E3EE00BFAB24 /* JHRightViewController.m */,
				7DE499651B86E3EE00BFAB24 /* JHSideViewController.h */,
				7DE499661B86E3EE00BFAB24 /* JHSideViewController.m */,
			);
			path = Base;
			sourceTree = "<group>";
		};
		7DE4996C1B86E4BE00BFAB24 /* Plist */ = {
			isa = PBXGroup;
			children = (
				7DE4996D1B86E50B00BFAB24 /* LeftVcItems.plist */,
			);
			name = Plist;
			path = Pilst;
			sourceTree = "<group>";
		};
		7DE4996F1B86E52F00BFAB24 /* LeftVc */ = {
			isa = PBXGroup;
			children = (
			);
			path = LeftVc;
			sourceTree = "<group>";
		};
		AC1F13FB36301BD98E3D95F6 /* Pods */ = {
			isa = PBXGroup;
			children = (
				ACB33054FBF77C5D247F4C58 /* Pods.debug.xcconfig */,
				FE4FCCD539DCD03D9B43D9CF /* Pods.release.xcconfig */,
			);
			name = Pods;
			sourceTree = "<group>";
		};
/* End PBXGroup section */

/* Begin PBXNativeTarget section */
		7DE4990C1B86C85500BFAB24 /* SildeLikeQQ */ = {
			isa = PBXNativeTarget;
			buildConfigurationList = 7DE499301B86C85500BFAB24 /* Build configuration list for PBXNativeTarget "SildeLikeQQ" */;
			buildPhases = (
				3DD03AA560A2F495C8DA5389 /* Check Pods Manifest.lock */,
				7DE499091B86C85500BFAB24 /* Sources */,
				7DE4990A1B86C85500BFAB24 /* Frameworks */,
				7DE4990B1B86C85500BFAB24 /* Resources */,
				3DEEC600F6FF34045662CA6F /* Copy Pods Resources */,
			);
			buildRules = (
			);
			dependencies = (
			);
			name = SildeLikeQQ;
			productName = SildeLikeQQ;
			productReference = 7DE4990D1B86C85500BFAB24 /* SildeLikeQQ.app */;
			productType = "com.apple.product-type.application";
		};
		7DE499251B86C85500BFAB24 /* SildeLikeQQTests */ = {
			isa = PBXNativeTarget;
			buildConfigurationList = 7DE499331B86C85500BFAB24 /* Build configuration list for PBXNativeTarget "SildeLikeQQTests" */;
			buildPhases = (
				7DE499221B86C85500BFAB24 /* Sources */,
				7DE499231B86C85500BFAB24 /* Frameworks */,
				7DE499241B86C85500BFAB24 /* Resources */,
			);
			buildRules = (
			);
			dependencies = (
				7DE499281B86C85500BFAB24 /* PBXTargetDependency */,
			);
			name = SildeLikeQQTests;
			productName = SildeLikeQQTests;
			productReference = 7DE499261B86C85500BFAB24 /* SildeLikeQQTests.xctest */;
			productType = "com.apple.product-type.bundle.unit-test";
		};
/* End PBXNativeTarget section */

/* Begin PBXProject section */
		7DE499051B86C85500BFAB24 /* Project object */ = {
			isa = PBXProject;
			attributes = {
				CLASSPREFIX = JH;
				LastUpgradeCheck = 0640;
				ORGANIZATIONNAME = piglikeyoung;
				TargetAttributes = {
					7DE4990C1B86C85500BFAB24 = {
						CreatedOnToolsVersion = 6.4;
					};
					7DE499251B86C85500BFAB24 = {
						CreatedOnToolsVersion = 6.4;
						TestTargetID = 7DE4990C1B86C85500BFAB24;
					};
				};
			};
			buildConfigurationList = 7DE499081B86C85500BFAB24 /* Build configuration list for PBXProject "SildeLikeQQ" */;
			compatibilityVersion = "Xcode 3.2";
			developmentRegion = English;
			hasScannedForEncodings = 0;
			knownRegions = (
				en,
				Base,
			);
			mainGroup = 7DE499041B86C85500BFAB24;
			productRefGroup = 7DE4990E1B86C85500BFAB24 /* Products */;
			projectDirPath = "";
			projectRoot = "";
			targets = (
				7DE4990C1B86C85500BFAB24 /* SildeLikeQQ */,
				7DE499251B86C85500BFAB24 /* SildeLikeQQTests */,
			);
		};
/* End PBXProject section */

/* Begin PBXResourcesBuildPhase section */
		7DE4990B1B86C85500BFAB24 /* Resources */ = {
			isa = PBXResourcesBuildPhase;
			buildActionMask = 2147483647;
			files = (
				7DE4991C1B86C85500BFAB24 /* Main.storyboard in Resources */,
				7DE4996E1B86E50B00BFAB24 /* LeftVcItems.plist in Resources */,
				7DE499211B86C85500BFAB24 /* LaunchScreen.xib in Resources */,
				7DE4991E1B86C85500BFAB24 /* Images.xcassets in Resources */,
			);
			runOnlyForDeploymentPostprocessing = 0;
		};
		7DE499241B86C85500BFAB24 /* Resources */ = {
			isa = PBXResourcesBuildPhase;
			buildActionMask = 2147483647;
			files = (
			);
			runOnlyForDeploymentPostprocessing = 0;
		};
/* End PBXResourcesBuildPhase section */

/* Begin PBXShellScriptBuildPhase section */
		3DD03AA560A2F495C8DA5389 /* Check Pods Manifest.lock */ = {
			isa = PBXShellScriptBuildPhase;
			buildActionMask = 2147483647;
			files = (
			);
			inputPaths = (
			);
			name = "Check Pods Manifest.lock";
			outputPaths = (
			);
			runOnlyForDeploymentPostprocessing = 0;
			shellPath = /bin/sh;
			shellScript = "diff \"${PODS_ROOT}/../Podfile.lock\" \"${PODS_ROOT}/Manifest.lock\" > /dev/null\nif [[ $? != 0 ]] ; then\n    cat << EOM\nerror: The sandbox is not in sync with the Podfile.lock. Run 'pod install' or update your CocoaPods installation.\nEOM\n    exit 1\nfi\n";
			showEnvVarsInLog = 0;
		};
		3DEEC600F6FF34045662CA6F /* Copy Pods Resources */ = {
			isa = PBXShellScriptBuildPhase;
			buildActionMask = 2147483647;
			files = (
			);
			inputPaths = (
			);
			name = "Copy Pods Resources";
			outputPaths = (
			);
			runOnlyForDeploymentPostprocessing = 0;
			shellPath = /bin/sh;
			shellScript = "\"${SRCROOT}/Pods/Target Support Files/Pods/Pods-resources.sh\"\n";
			showEnvVarsInLog = 0;
		};
/* End PBXShellScriptBuildPhase section */

/* Begin PBXSourcesBuildPhase section */
		7DE499091B86C85500BFAB24 /* Sources */ = {
			isa = PBXSourcesBuildPhase;
			buildActionMask = 2147483647;
			files = (
				7DE499411B86CACF00BFAB24 /* UIView+Extension.m in Sources */,
				7DE499691B86E3EE00BFAB24 /* JHNavigationController.m in Sources */,
				7DE499581B86E18F00BFAB24 /* AppMacro.m in Sources */,
				7DE4995B1B86E1CF00BFAB24 /* NSString+Extension.m in Sources */,
				7DE4993B1B86C92800BFAB24 /* AppDelegate.m in Sources */,
				7DE499131B86C85500BFAB24 /* main.m in Sources */,
				7DE499721B87024800BFAB24 /* UIBarButtonItem+Extension.m in Sources */,
				7DE499671B86E3EE00BFAB24 /* JHBaseViewController.m in Sources */,
				7DE4996A1B86E3EE00BFAB24 /* JHRightViewController.m in Sources */,
				7DE499681B86E3EE00BFAB24 /* JHLeftViewController.m in Sources */,
				7DE4996B1B86E3EE00BFAB24 /* JHSideViewController.m in Sources */,
			);
			runOnlyForDeploymentPostprocessing = 0;
		};
		7DE499221B86C85500BFAB24 /* Sources */ = {
			isa = PBXSourcesBuildPhase;
			buildActionMask = 2147483647;
			files = (
				7DE4992D1B86C85500BFAB24 /* SildeLikeQQTests.m in Sources */,
			);
			runOnlyForDeploymentPostprocessing = 0;
		};
/* End PBXSourcesBuildPhase section */

/* Begin PBXTargetDependency section */
		7DE499281B86C85500BFAB24 /* PBXTargetDependency */ = {
			isa = PBXTargetDependency;
			target = 7DE4990C1B86C85500BFAB24 /* SildeLikeQQ */;
			targetProxy = 7DE499271B86C85500BFAB24 /* PBXContainerItemProxy */;
		};
/* End PBXTargetDependency section */

/* Begin PBXVariantGroup section */
		7DE4991A1B86C85500BFAB24 /* Main.storyboard */ = {
			isa = PBXVariantGroup;
			children = (
				7DE4991B1B86C85500BFAB24 /* Base */,
			);
			name = Main.storyboard;
			sourceTree = "<group>";
		};
		7DE4991F1B86C85500BFAB24 /* LaunchScreen.xib */ = {
			isa = PBXVariantGroup;
			children = (
				7DE499201B86C85500BFAB24 /* Base */,
			);
			name = LaunchScreen.xib;
			sourceTree = "<group>";
		};
/* End PBXVariantGroup section */

/* Begin XCBuildConfiguration section */
		7DE4992E1B86C85500BFAB24 /* Debug */ = {
			isa = XCBuildConfiguration;
			buildSettings = {
				ALWAYS_SEARCH_USER_PATHS = NO;
				CLANG_CXX_LANGUAGE_STANDARD = "gnu++0x";
				CLANG_CXX_LIBRARY = "libc++";
				CLANG_ENABLE_MODULES = YES;
				CLANG_ENABLE_OBJC_ARC = YES;
				CLANG_WARN_BOOL_CONVERSION = YES;
				CLANG_WARN_CONSTANT_CONVERSION = YES;
				CLANG_WARN_DIRECT_OBJC_ISA_USAGE = YES_ERROR;
				CLANG_WARN_EMPTY_BODY = YES;
				CLANG_WARN_ENUM_CONVERSION = YES;
				CLANG_WARN_INT_CONVERSION = YES;
				CLANG_WARN_OBJC_ROOT_CLASS = YES_ERROR;
				CLANG_WARN_UNREACHABLE_CODE = YES;
				CLANG_WARN__DUPLICATE_METHOD_MATCH = YES;
				"CODE_SIGN_IDENTITY[sdk=iphoneos*]" = "iPhone Developer";
				COPY_PHASE_STRIP = NO;
				DEBUG_INFORMATION_FORMAT = "dwarf-with-dsym";
				ENABLE_STRICT_OBJC_MSGSEND = YES;
				GCC_C_LANGUAGE_STANDARD = gnu99;
				GCC_DYNAMIC_NO_PIC = NO;
				GCC_NO_COMMON_BLOCKS = YES;
				GCC_OPTIMIZATION_LEVEL = 0;
				GCC_PREPROCESSOR_DEFINITIONS = (
					"DEBUG=1",
					"$(inherited)",
				);
				GCC_SYMBOLS_PRIVATE_EXTERN = NO;
				GCC_WARN_64_TO_32_BIT_CONVERSION = YES;
				GCC_WARN_ABOUT_RETURN_TYPE = YES_ERROR;
				GCC_WARN_UNDECLARED_SELECTOR = YES;
				GCC_WARN_UNINITIALIZED_AUTOS = YES_AGGRESSIVE;
				GCC_WARN_UNUSED_FUNCTION = YES;
				GCC_WARN_UNUSED_VARIABLE = YES;
				IPHONEOS_DEPLOYMENT_TARGET = 8.4;
				MTL_ENABLE_DEBUG_INFO = YES;
				ONLY_ACTIVE_ARCH = YES;
				SDKROOT = iphoneos;
				TARGETED_DEVICE_FAMILY = "1,2";
			};
			name = Debug;
		};
		7DE4992F1B86C85500BFAB24 /* Release */ = {
			isa = XCBuildConfiguration;
			buildSettings = {
				ALWAYS_SEARCH_USER_PATHS = NO;
				CLANG_CXX_LANGUAGE_STANDARD = "gnu++0x";
				CLANG_CXX_LIBRARY = "libc++";
				CLANG_ENABLE_MODULES = YES;
				CLANG_ENABLE_OBJC_ARC = YES;
				CLANG_WARN_BOOL_CONVERSION = YES;
				CLANG_WARN_CONSTANT_CONVERSION = YES;
				CLANG_WARN_DIRECT_OBJC_ISA_USAGE = YES_ERROR;
				CLANG_WARN_EMPTY_BODY = YES;
				CLANG_WARN_ENUM_CONVERSION = YES;
				CLANG_WARN_INT_CONVERSION = YES;
				CLANG_WARN_OBJC_ROOT_CLASS = YES_ERROR;
				CLANG_WARN_UNREACHABLE_CODE = YES;
				CLANG_WARN__DUPLICATE_METHOD_MATCH = YES;
				"CODE_SIGN_IDENTITY[sdk=iphoneos*]" = "iPhone Developer";
				COPY_PHASE_STRIP = NO;
				DEBUG_INFORMATION_FORMAT = "dwarf-with-dsym";
				ENABLE_NS_ASSERTIONS = NO;
				ENABLE_STRICT_OBJC_MSGSEND = YES;
				GCC_C_LANGUAGE_STANDARD = gnu99;
				GCC_NO_COMMON_BLOCKS = YES;
				GCC_WARN_64_TO_32_BIT_CONVERSION = YES;
				GCC_WARN_ABOUT_RETURN_TYPE = YES_ERROR;
				GCC_WARN_UNDECLARED_SELECTOR = YES;
				GCC_WARN_UNINITIALIZED_AUTOS = YES_AGGRESSIVE;
				GCC_WARN_UNUSED_FUNCTION = YES;
				GCC_WARN_UNUSED_VARIABLE = YES;
				IPHONEOS_DEPLOYMENT_TARGET = 8.4;
				MTL_ENABLE_DEBUG_INFO = NO;
				SDKROOT = iphoneos;
				TARGETED_DEVICE_FAMILY = "1,2";
				VALIDATE_PRODUCT = YES;
			};
			name = Release;
		};
		7DE499311B86C85500BFAB24 /* Debug */ = {
			isa = XCBuildConfiguration;
			baseConfigurationReference = ACB33054FBF77C5D247F4C58 /* Pods.debug.xcconfig */;
			buildSettings = {
				ASSETCATALOG_COMPILER_APPICON_NAME = AppIcon;
				GCC_PRECOMPILE_PREFIX_HEADER = YES;
				GCC_PREFIX_HEADER = "$(SRCROOT)/SildeLikeQQ/JHPrefixHeader.pch";
				INFOPLIST_FILE = SildeLikeQQ/Info.plist;
				IPHONEOS_DEPLOYMENT_TARGET = 7.1;
				LD_RUNPATH_SEARCH_PATHS = "$(inherited) @executable_path/Frameworks";
				PRODUCT_NAME = "$(TARGET_NAME)";
			};
			name = Debug;
		};
		7DE499321B86C85500BFAB24 /* Release */ = {
			isa = XCBuildConfiguration;
			baseConfigurationReference = FE4FCCD539DCD03D9B43D9CF /* Pods.release.xcconfig */;
			buildSettings = {
				ASSETCATALOG_COMPILER_APPICON_NAME = AppIcon;
				GCC_PRECOMPILE_PREFIX_HEADER = YES;
				INFOPLIST_FILE = SildeLikeQQ/Info.plist;
				IPHONEOS_DEPLOYMENT_TARGET = 7.1;
				LD_RUNPATH_SEARCH_PATHS = "$(inherited) @executable_path/Frameworks";
				PRODUCT_NAME = "$(TARGET_NAME)";
			};
			name = Release;
		};
		7DE499341B86C85500BFAB24 /* Debug */ = {
			isa = XCBuildConfiguration;
			buildSettings = {
				BUNDLE_LOADER = "$(TEST_HOST)";
				FRAMEWORK_SEARCH_PATHS = (
					"$(SDKROOT)/Developer/Library/Frameworks",
					"$(inherited)",
				);
				GCC_PREPROCESSOR_DEFINITIONS = (
					"DEBUG=1",
					"$(inherited)",
				);
				INFOPLIST_FILE = SildeLikeQQTests/Info.plist;
				LD_RUNPATH_SEARCH_PATHS = "$(inherited) @executable_path/Frameworks @loader_path/Frameworks";
				PRODUCT_NAME = "$(TARGET_NAME)";
				TEST_HOST = "$(BUILT_PRODUCTS_DIR)/SildeLikeQQ.app/SildeLikeQQ";
			};
			name = Debug;
		};
		7DE499351B86C85500BFAB24 /* Release */ = {
			isa = XCBuildConfiguration;
			buildSettings = {
				BUNDLE_LOADER = "$(TEST_HOST)";
				FRAMEWORK_SEARCH_PATHS = (
					"$(SDKROOT)/Developer/Library/Frameworks",
					"$(inherited)",
				);
				INFOPLIST_FILE = SildeLikeQQTests/Info.plist;
				LD_RUNPATH_SEARCH_PATHS = "$(inherited) @executable_path/Frameworks @loader_path/Frameworks";
				PRODUCT_NAME = "$(TARGET_NAME)";
				TEST_HOST = "$(BUILT_PRODUCTS_DIR)/SildeLikeQQ.app/SildeLikeQQ";
			};
			name = Release;
		};
/* End XCBuildConfiguration section */

/* Begin XCConfigurationList section */
		7DE499081B86C85500BFAB24 /* Build configuration list for PBXProject "SildeLikeQQ" */ = {
			isa = XCConfigurationList;
			buildConfigurations = (
				7DE4992E1B86C85500BFAB24 /* Debug */,
				7DE4992F1B86C85500BFAB24 /* Release */,
			);
			defaultConfigurationIsVisible = 0;
			defaultConfigurationName = Release;
		};
		7DE499301B86C85500BFAB24 /* Build configuration list for PBXNativeTarget "SildeLikeQQ" */ = {
			isa = XCConfigurationList;
			buildConfigurations = (
				7DE499311B86C85500BFAB24 /* Debug */,
				7DE499321B86C85500BFAB24 /* Release */,
			);
			defaultConfigurationIsVisible = 0;
			defaultConfigurationName = Release;
		};
		7DE499331B86C85500BFAB24 /* Build configuration list for PBXNativeTarget "SildeLikeQQTests" */ = {
			isa = XCConfigurationList;
			buildConfigurations = (
				7DE499341B86C85500BFAB24 /* Debug */,
				7DE499351B86C85500BFAB24 /* Release */,
			);
			defaultConfigurationIsVisible = 0;
			defaultConfigurationName = Release;
		};
/* End XCConfigurationList section */
	};
	rootObject = 7DE499051B86C85500BFAB24 /* Project object */;
}
